
Microsoft Visual Studio Solution File, Format Version 12.00
# Visual Studio Version 17
VisualStudioVersion = 17.7.34221.43
MinimumVisualStudioVersion = 10.0.40219.1
Project("{9A19103F-16F7-4668-BE54-9A1E7A4F7556}") = "NVWebAccess", "Libs\NVWebAccess\NVWebAccess.csproj", "{72C7182B-748B-494F-B778-BAAC2073FEB0}"
EndProject
Project("{2150E333-8FDC-42A3-9474-1A3956D46DE8}") = "_Libs", "_Libs", "{EE3E6991-0E0C-449E-BDDC-554DCDD0D5C2}"
EndProject
Project("{2150E333-8FDC-42A3-9474-1A3956D46DE8}") = "_Api", "_Api", "{3D0D925A-1F6F-47F5-8CA5-D63571E7B69C}"
EndProject
Project("{9A19103F-16F7-4668-BE54-9A1E7A4F7556}") = "Libs8x", "..\Libs\Libs\Libs8x\Libs8x.csproj", "{9F3A1149-72CD-4D8D-BD42-E9BFBCCCC0A7}"
EndProject
Project("{9A19103F-16F7-4668-BE54-9A1E7A4F7556}") = "Libs8x.Win32", "..\Libs\Libs.Win32\Libs8x.Win32\Libs8x.Win32.csproj", "{26318681-D225-4BCE-948C-04318AF09009}"
EndProject
Project("{2150E333-8FDC-42A3-9474-1A3956D46DE8}") = "_ExternalServices", "_ExternalServices", "{BAFA6E74-9477-4844-A8CE-04311C4C61A2}"
EndProject
Project("{9A19103F-16F7-4668-BE54-9A1E7A4F7556}") = "Miru8x", "..\Miru\Libs\Miru\Miru8x\Miru8x.csproj", "{8BA5AA2C-9BD9-4D1E-B030-186511A60DE9}"
EndProject
Project("{9A19103F-16F7-4668-BE54-9A1E7A4F7556}") = "MotisDataDef", "MotisDataDef\MotisDataDef.csproj", "{E5AD6C33-CC95-42D7-83F6-941E04DF9F5F}"
EndProject
Project("{9A19103F-16F7-4668-BE54-9A1E7A4F7556}") = "MotisDataPool", "MotisDataPool\MotisDataPool.csproj", "{BEB98154-2BD7-48CD-B1BD-BFC19AD4C1B1}"
EndProject
Project("{9A19103F-16F7-4668-BE54-9A1E7A4F7556}") = "MotisDataProvider", "MotisDataProvider\MotisDataProvider.csproj", "{877C33DA-0644-4615-A46B-E3F2DB3DB007}"
EndProject
Project("{9A19103F-16F7-4668-BE54-9A1E7A4F7556}") = "MotisDataAccess", "MotisDataAccess\MotisDataAccess.csproj", "{4CA3E4D5-8A19-447F-923C-67178CD4CEF9}"
EndProject
Project("{9A19103F-16F7-4668-BE54-9A1E7A4F7556}") = "GhalaDataProvider", "GhalaDataProvider\GhalaDataProvider.csproj", "{EE175297-F9EC-474C-AA2E-110E865FF3E6}"
EndProject
Project("{9A19103F-16F7-4668-BE54-9A1E7A4F7556}") = "GhalaDataPool", "GhalaDataPool\GhalaDataPool.csproj", "{8477E774-8EB3-4A78-AED4-72125AFDF4B1}"
EndProject
Project("{9A19103F-16F7-4668-BE54-9A1E7A4F7556}") = "GhalaDataDef", "GhalaDataDef\GhalaDataDef.csproj", "{BD6F22B3-BD1B-48D0-87D7-F0A1F8C4781A}"
EndProject
Project("{9A19103F-16F7-4668-BE54-9A1E7A4F7556}") = "GhalaDataAccess", "GhalaDataAccess\GhalaDataAccess.csproj", "{F784507C-2CB6-4108-9C98-D3B72949F427}"
EndProject
Project("{2150E333-8FDC-42A3-9474-1A3956D46DE8}") = "Api", "Api", "{78C4BBBE-2BC1-4FD3-8865-5E67DCAB52BE}"
EndProject
Project("{2150E333-8FDC-42A3-9474-1A3956D46DE8}") = "Ghala", "Ghala", "{0DADC9AA-9346-4952-9D8C-68E262C27C85}"
EndProject
Project("{2150E333-8FDC-42A3-9474-1A3956D46DE8}") = "Motis", "Motis", "{81429561-DF21-4662-95CD-676539932A4F}"
EndProject
Project("{9A19103F-16F7-4668-BE54-9A1E7A4F7556}") = "XAuthPool8x", "..\XAuth\XAuthPool\XAuthPool8x\XAuthPool8x.csproj", "{00FD3255-2DA8-46A5-A78E-3D1541E9CCFF}"
EndProject
Project("{2150E333-8FDC-42A3-9474-1A3956D46DE8}") = "Tools", "Tools", "{E606D0BE-6D16-408F-B207-ED95EE266199}"
EndProject
Project("{9A19103F-16F7-4668-BE54-9A1E7A4F7556}") = "XLauncher", "XLauncher\XLauncher.csproj", "{38906E16-574F-42BF-B065-4F6D3BA8C592}"
EndProject
Project("{9A19103F-16F7-4668-BE54-9A1E7A4F7556}") = "XPublish", "XPublish\XPublish.csproj", "{3E4503B2-6F6B-46E8-8FE8-B9A6343406C3}"
EndProject
Project("{9A19103F-16F7-4668-BE54-9A1E7A4F7556}") = "Libs8x.CI", "..\Libs\Libs.CI\Libs8x.CI\Libs8x.CI.csproj", "{73CB7EA8-BD7D-46EF-ADBB-E4331EF9C0F1}"
EndProject
Project("{9A19103F-16F7-4668-BE54-9A1E7A4F7556}") = "Libs8x.CI.Win32", "..\Libs\Libs.CI.Win32\Libs8x.CI.Win32\Libs8x.CI.Win32.csproj", "{C616C58A-D81B-42A0-AA50-8E0F5C87BA54}"
EndProject
Project("{9A19103F-16F7-4668-BE54-9A1E7A4F7556}") = "Ghala", "Ghala\Ghala.csproj", "{81F1A89C-AF85-4068-9124-D4A5AE117263}"
EndProject
Project("{9A19103F-16F7-4668-BE54-9A1E7A4F7556}") = "Libs.Web", "..\Libs\Libs.Web\Libs.Web.csproj", "{6CAD6BE1-E919-477C-B4EA-850629E4B9ED}"
EndProject
Project("{9A19103F-16F7-4668-BE54-9A1E7A4F7556}") = "XAuthPool.Web", "..\XAuth\XAuthPool.Web\XAuthPool.Web.csproj", "{2359FA9D-4634-4619-9A97-FB1E36BDAC3C}"
EndProject
Global
	GlobalSection(SolutionConfigurationPlatforms) = preSolution
		Debug|Any CPU = Debug|Any CPU
		Release|Any CPU = Release|Any CPU
	EndGlobalSection
	GlobalSection(ProjectConfigurationPlatforms) = postSolution
		{72C7182B-748B-494F-B778-BAAC2073FEB0}.Debug|Any CPU.ActiveCfg = Debug|Any CPU
		{72C7182B-748B-494F-B778-BAAC2073FEB0}.Debug|Any CPU.Build.0 = Debug|Any CPU
		{72C7182B-748B-494F-B778-BAAC2073FEB0}.Release|Any CPU.ActiveCfg = Release|Any CPU
		{72C7182B-748B-494F-B778-BAAC2073FEB0}.Release|Any CPU.Build.0 = Release|Any CPU
		{9F3A1149-72CD-4D8D-BD42-E9BFBCCCC0A7}.Debug|Any CPU.ActiveCfg = Debug|Any CPU
		{9F3A1149-72CD-4D8D-BD42-E9BFBCCCC0A7}.Debug|Any CPU.Build.0 = Debug|Any CPU
		{9F3A1149-72CD-4D8D-BD42-E9BFBCCCC0A7}.Release|Any CPU.ActiveCfg = Release|Any CPU
		{9F3A1149-72CD-4D8D-BD42-E9BFBCCCC0A7}.Release|Any CPU.Build.0 = Release|Any CPU
		{26318681-D225-4BCE-948C-04318AF09009}.Debug|Any CPU.ActiveCfg = Debug|Any CPU
		{26318681-D225-4BCE-948C-04318AF09009}.Debug|Any CPU.Build.0 = Debug|Any CPU
		{26318681-D225-4BCE-948C-04318AF09009}.Release|Any CPU.ActiveCfg = Release|Any CPU
		{26318681-D225-4BCE-948C-04318AF09009}.Release|Any CPU.Build.0 = Release|Any CPU
		{8BA5AA2C-9BD9-4D1E-B030-186511A60DE9}.Debug|Any CPU.ActiveCfg = Debug|Any CPU
		{8BA5AA2C-9BD9-4D1E-B030-186511A60DE9}.Debug|Any CPU.Build.0 = Debug|Any CPU
		{8BA5AA2C-9BD9-4D1E-B030-186511A60DE9}.Release|Any CPU.ActiveCfg = Release|Any CPU
		{8BA5AA2C-9BD9-4D1E-B030-186511A60DE9}.Release|Any CPU.Build.0 = Release|Any CPU
		{E5AD6C33-CC95-42D7-83F6-941E04DF9F5F}.Debug|Any CPU.ActiveCfg = Debug|Any CPU
		{E5AD6C33-CC95-42D7-83F6-941E04DF9F5F}.Debug|Any CPU.Build.0 = Debug|Any CPU
		{E5AD6C33-CC95-42D7-83F6-941E04DF9F5F}.Release|Any CPU.ActiveCfg = Release|Any CPU
		{E5AD6C33-CC95-42D7-83F6-941E04DF9F5F}.Release|Any CPU.Build.0 = Release|Any CPU
		{BEB98154-2BD7-48CD-B1BD-BFC19AD4C1B1}.Debug|Any CPU.ActiveCfg = Debug|Any CPU
		{BEB98154-2BD7-48CD-B1BD-BFC19AD4C1B1}.Debug|Any CPU.Build.0 = Debug|Any CPU
		{BEB98154-2BD7-48CD-B1BD-BFC19AD4C1B1}.Release|Any CPU.ActiveCfg = Release|Any CPU
		{BEB98154-2BD7-48CD-B1BD-BFC19AD4C1B1}.Release|Any CPU.Build.0 = Release|Any CPU
		{877C33DA-0644-4615-A46B-E3F2DB3DB007}.Debug|Any CPU.ActiveCfg = Debug|Any CPU
		{877C33DA-0644-4615-A46B-E3F2DB3DB007}.Debug|Any CPU.Build.0 = Debug|Any CPU
		{877C33DA-0644-4615-A46B-E3F2DB3DB007}.Release|Any CPU.ActiveCfg = Release|Any CPU
		{877C33DA-0644-4615-A46B-E3F2DB3DB007}.Release|Any CPU.Build.0 = Release|Any CPU
		{4CA3E4D5-8A19-447F-923C-67178CD4CEF9}.Debug|Any CPU.ActiveCfg = Debug|Any CPU
		{4CA3E4D5-8A19-447F-923C-67178CD4CEF9}.Debug|Any CPU.Build.0 = Debug|Any CPU
		{4CA3E4D5-8A19-447F-923C-67178CD4CEF9}.Release|Any CPU.ActiveCfg = Release|Any CPU
		{4CA3E4D5-8A19-447F-923C-67178CD4CEF9}.Release|Any CPU.Build.0 = Release|Any CPU
		{EE175297-F9EC-474C-AA2E-110E865FF3E6}.Debug|Any CPU.ActiveCfg = Debug|Any CPU
		{EE175297-F9EC-474C-AA2E-110E865FF3E6}.Debug|Any CPU.Build.0 = Debug|Any CPU
		{EE175297-F9EC-474C-AA2E-110E865FF3E6}.Release|Any CPU.ActiveCfg = Release|Any CPU
		{EE175297-F9EC-474C-AA2E-110E865FF3E6}.Release|Any CPU.Build.0 = Release|Any CPU
		{8477E774-8EB3-4A78-AED4-72125AFDF4B1}.Debug|Any CPU.ActiveCfg = Debug|Any CPU
		{8477E774-8EB3-4A78-AED4-72125AFDF4B1}.Debug|Any CPU.Build.0 = Debug|Any CPU
		{8477E774-8EB3-4A78-AED4-72125AFDF4B1}.Release|Any CPU.ActiveCfg = Release|Any CPU
		{8477E774-8EB3-4A78-AED4-72125AFDF4B1}.Release|Any CPU.Build.0 = Release|Any CPU
		{BD6F22B3-BD1B-48D0-87D7-F0A1F8C4781A}.Debug|Any CPU.ActiveCfg = Debug|Any CPU
		{BD6F22B3-BD1B-48D0-87D7-F0A1F8C4781A}.Debug|Any CPU.Build.0 = Debug|Any CPU
		{BD6F22B3-BD1B-48D0-87D7-F0A1F8C4781A}.Release|Any CPU.ActiveCfg = Release|Any CPU
		{BD6F22B3-BD1B-48D0-87D7-F0A1F8C4781A}.Release|Any CPU.Build.0 = Release|Any CPU
		{F784507C-2CB6-4108-9C98-D3B72949F427}.Debug|Any CPU.ActiveCfg = Debug|Any CPU
		{F784507C-2CB6-4108-9C98-D3B72949F427}.Debug|Any CPU.Build.0 = Debug|Any CPU
		{F784507C-2CB6-4108-9C98-D3B72949F427}.Release|Any CPU.ActiveCfg = Release|Any CPU
		{F784507C-2CB6-4108-9C98-D3B72949F427}.Release|Any CPU.Build.0 = Release|Any CPU
		{00FD3255-2DA8-46A5-A78E-3D1541E9CCFF}.Debug|Any CPU.ActiveCfg = Debug|Any CPU
		{00FD3255-2DA8-46A5-A78E-3D1541E9CCFF}.Debug|Any CPU.Build.0 = Debug|Any CPU
		{00FD3255-2DA8-46A5-A78E-3D1541E9CCFF}.Release|Any CPU.ActiveCfg = Release|Any CPU
		{00FD3255-2DA8-46A5-A78E-3D1541E9CCFF}.Release|Any CPU.Build.0 = Release|Any CPU
		{38906E16-574F-42BF-B065-4F6D3BA8C592}.Debug|Any CPU.ActiveCfg = Debug|Any CPU
		{38906E16-574F-42BF-B065-4F6D3BA8C592}.Debug|Any CPU.Build.0 = Debug|Any CPU
		{38906E16-574F-42BF-B065-4F6D3BA8C592}.Release|Any CPU.ActiveCfg = Release|Any CPU
		{38906E16-574F-42BF-B065-4F6D3BA8C592}.Release|Any CPU.Build.0 = Release|Any CPU
		{3E4503B2-6F6B-46E8-8FE8-B9A6343406C3}.Debug|Any CPU.ActiveCfg = Debug|Any CPU
		{3E4503B2-6F6B-46E8-8FE8-B9A6343406C3}.Debug|Any CPU.Build.0 = Debug|Any CPU
		{3E4503B2-6F6B-46E8-8FE8-B9A6343406C3}.Release|Any CPU.ActiveCfg = Release|Any CPU
		{3E4503B2-6F6B-46E8-8FE8-B9A6343406C3}.Release|Any CPU.Build.0 = Release|Any CPU
		{73CB7EA8-BD7D-46EF-ADBB-E4331EF9C0F1}.Debug|Any CPU.ActiveCfg = Debug|Any CPU
		{73CB7EA8-BD7D-46EF-ADBB-E4331EF9C0F1}.Debug|Any CPU.Build.0 = Debug|Any CPU
		{73CB7EA8-BD7D-46EF-ADBB-E4331EF9C0F1}.Release|Any CPU.ActiveCfg = Release|Any CPU
		{73CB7EA8-BD7D-46EF-ADBB-E4331EF9C0F1}.Release|Any CPU.Build.0 = Release|Any CPU
		{C616C58A-D81B-42A0-AA50-8E0F5C87BA54}.Debug|Any CPU.ActiveCfg = Debug|Any CPU
		{C616C58A-D81B-42A0-AA50-8E0F5C87BA54}.Debug|Any CPU.Build.0 = Debug|Any CPU
		{C616C58A-D81B-42A0-AA50-8E0F5C87BA54}.Release|Any CPU.ActiveCfg = Release|Any CPU
		{C616C58A-D81B-42A0-AA50-8E0F5C87BA54}.Release|Any CPU.Build.0 = Release|Any CPU
		{81F1A89C-AF85-4068-9124-D4A5AE117263}.Debug|Any CPU.ActiveCfg = Debug|Any CPU
		{81F1A89C-AF85-4068-9124-D4A5AE117263}.Debug|Any CPU.Build.0 = Debug|Any CPU
		{81F1A89C-AF85-4068-9124-D4A5AE117263}.Release|Any CPU.ActiveCfg = Release|Any CPU
		{81F1A89C-AF85-4068-9124-D4A5AE117263}.Release|Any CPU.Build.0 = Release|Any CPU
		{6CAD6BE1-E919-477C-B4EA-850629E4B9ED}.Debug|Any CPU.ActiveCfg = Debug|Any CPU
		{6CAD6BE1-E919-477C-B4EA-850629E4B9ED}.Debug|Any CPU.Build.0 = Debug|Any CPU
		{6CAD6BE1-E919-477C-B4EA-850629E4B9ED}.Release|Any CPU.ActiveCfg = Release|Any CPU
		{6CAD6BE1-E919-477C-B4EA-850629E4B9ED}.Release|Any CPU.Build.0 = Release|Any CPU
		{2359FA9D-4634-4619-9A97-FB1E36BDAC3C}.Debug|Any CPU.ActiveCfg = Debug|Any CPU
		{2359FA9D-4634-4619-9A97-FB1E36BDAC3C}.Debug|Any CPU.Build.0 = Debug|Any CPU
		{2359FA9D-4634-4619-9A97-FB1E36BDAC3C}.Release|Any CPU.ActiveCfg = Release|Any CPU
		{2359FA9D-4634-4619-9A97-FB1E36BDAC3C}.Release|Any CPU.Build.0 = Release|Any CPU
	EndGlobalSection
	GlobalSection(SolutionProperties) = preSolution
		HideSolutionNode = FALSE
	EndGlobalSection
	GlobalSection(NestedProjects) = preSolution
		{72C7182B-748B-494F-B778-BAAC2073FEB0} = {3D0D925A-1F6F-47F5-8CA5-D63571E7B69C}
		{9F3A1149-72CD-4D8D-BD42-E9BFBCCCC0A7} = {EE3E6991-0E0C-449E-BDDC-554DCDD0D5C2}
		{26318681-D225-4BCE-948C-04318AF09009} = {EE3E6991-0E0C-449E-BDDC-554DCDD0D5C2}
		{8BA5AA2C-9BD9-4D1E-B030-186511A60DE9} = {EE3E6991-0E0C-449E-BDDC-554DCDD0D5C2}
		{E5AD6C33-CC95-42D7-83F6-941E04DF9F5F} = {81429561-DF21-4662-95CD-676539932A4F}
		{BEB98154-2BD7-48CD-B1BD-BFC19AD4C1B1} = {81429561-DF21-4662-95CD-676539932A4F}
		{877C33DA-0644-4615-A46B-E3F2DB3DB007} = {81429561-DF21-4662-95CD-676539932A4F}
		{4CA3E4D5-8A19-447F-923C-67178CD4CEF9} = {81429561-DF21-4662-95CD-676539932A4F}
		{EE175297-F9EC-474C-AA2E-110E865FF3E6} = {0DADC9AA-9346-4952-9D8C-68E262C27C85}
		{8477E774-8EB3-4A78-AED4-72125AFDF4B1} = {0DADC9AA-9346-4952-9D8C-68E262C27C85}
		{BD6F22B3-BD1B-48D0-87D7-F0A1F8C4781A} = {0DADC9AA-9346-4952-9D8C-68E262C27C85}
		{F784507C-2CB6-4108-9C98-D3B72949F427} = {0DADC9AA-9346-4952-9D8C-68E262C27C85}
		{0DADC9AA-9346-4952-9D8C-68E262C27C85} = {78C4BBBE-2BC1-4FD3-8865-5E67DCAB52BE}
		{81429561-DF21-4662-95CD-676539932A4F} = {78C4BBBE-2BC1-4FD3-8865-5E67DCAB52BE}
		{00FD3255-2DA8-46A5-A78E-3D1541E9CCFF} = {BAFA6E74-9477-4844-A8CE-04311C4C61A2}
		{38906E16-574F-42BF-B065-4F6D3BA8C592} = {E606D0BE-6D16-408F-B207-ED95EE266199}
		{3E4503B2-6F6B-46E8-8FE8-B9A6343406C3} = {E606D0BE-6D16-408F-B207-ED95EE266199}
		{73CB7EA8-BD7D-46EF-ADBB-E4331EF9C0F1} = {EE3E6991-0E0C-449E-BDDC-554DCDD0D5C2}
		{C616C58A-D81B-42A0-AA50-8E0F5C87BA54} = {EE3E6991-0E0C-449E-BDDC-554DCDD0D5C2}
		{6CAD6BE1-E919-477C-B4EA-850629E4B9ED} = {EE3E6991-0E0C-449E-BDDC-554DCDD0D5C2}
		{2359FA9D-4634-4619-9A97-FB1E36BDAC3C} = {BAFA6E74-9477-4844-A8CE-04311C4C61A2}
	EndGlobalSection
	GlobalSection(ExtensibilityGlobals) = postSolution
		SolutionGuid = {6D5EA14F-8D63-4B2A-8AC4-F18482A38AEB}
	EndGlobalSection
EndGlobal
